
Microsoft Visual Studio Solution File, Format Version 12.00
# Visual Studio Version 17
VisualStudioVersion = 17.3.32825.248
MinimumVisualStudioVersion = 10.0.40219.1
Project("{9A19103F-16F7-4668-BE54-9A1E7A4F7556}") = "BookListRazor", "BookListRazor\BookListRazor.csproj", "{7DF66CE9-B6FF-4B6E-B92D-CB1593E40061}"
EndProject
Global
	GlobalSection(SolutionConfigurationPlatforms) = preSolution
		Debug|Any CPU = Debug|Any CPU
		Release|Any CPU = Release|Any CPU
	EndGlobalSection
	GlobalSection(ProjectConfigurationPlatforms) = postSolution
		{7DF66CE9-B6FF-4B6E-B92D-CB1593E40061}.Debug|Any CPU.ActiveCfg = Debug|Any CPU
		{7DF66CE9-B6FF-4B6E-B92D-CB1593E40061}.Debug|Any CPU.Build.0 = Debug|Any CPU
		{7DF66CE9-B6FF-4B6E-B92D-CB1593E40061}.Release|Any CPU.ActiveCfg = Release|Any CPU
		{7DF66CE9-B6FF-4B6E-B92D-CB1593E40061}.Release|Any CPU.Build.0 = Release|Any CPU
	EndGlobalSection
	GlobalSection(SolutionProperties) = preSolution
		HideSolutionNode = FALSE
	EndGlobalSection
	GlobalSection(ExtensibilityGlobals) = postSolution
		SolutionGuid = {647E8262-9EF3-43EE-999C-A0517DB58B1B}
	EndGlobalSection
EndGlobal
